// !$*UTF8*$!
{
	archiveVersion = 1;
	classes = {
	};
	objectVersion = 46;
	objects = {

/* Begin PBXBuildFile section */
		ACD7F8781D93948B006DD54E /* AppDelegate.swift in Sources */ = {isa = PBXBuildFile; fileRef = ACD7F8771D93948B006DD54E /* AppDelegate.swift */; };
		ACD7F87A1D93948B006DD54E /* ViewController.swift in Sources */ = {isa = PBXBuildFile; fileRef = ACD7F8791D93948B006DD54E /* ViewController.swift */; };
		ACD7F87D1D93948B006DD54E /* Main.storyboard in Resources */ = {isa = PBXBuildFile; fileRef = ACD7F87B1D93948B006DD54E /* Main.storyboard */; };
		ACD7F87F1D93948B006DD54E /* Assets.xcassets in Resources */ = {isa = PBXBuildFile; fileRef = ACD7F87E1D93948B006DD54E /* Assets.xcassets */; };
		ACD7F8821D93948B006DD54E /* LaunchScreen.storyboard in Resources */ = {isa = PBXBuildFile; fileRef = ACD7F8801D93948B006DD54E /* LaunchScreen.storyboard */; };
/* End PBXBuildFile section */

/* Begin PBXFileReference section */
		ACD7F8741D93948B006DD54E /* TipTacToe.app */ = {isa = PBXFileReference; explicitFileType = wrapper.application; includeInIndex = 0; path = TipTacToe.app; sourceTree = BUILT_PRODUCTS_DIR; };
		ACD7F8771D93948B006DD54E /* AppDelegate.swift */ = {isa = PBXFileReference; lastKnownFileType = sourcecode.swift; path = AppDelegate.swift; sourceTree = "<group>"; };
		ACD7F8791D93948B006DD54E /* ViewController.swift */ = {isa = PBXFileReference; lastKnownFileType = sourcecode.swift; path = ViewController.swift; sourceTree = "<group>"; };
		ACD7F87C1D93948B006DD54E /* Base */ = {isa = PBXFileReference; lastKnownFileType = file.storyboard; name = Base; path = Base.lproj/Main.storyboard; sourceTree = "<group>"; };
		ACD7F87E1D93948B006DD54E /* Assets.xcassets */ = {isa = PBXFileReference; lastKnownFileType = folder.assetcatalog; path = Assets.xcassets; sourceTree = "<group>"; };
		ACD7F8811D93948B006DD54E /* Base */ = {isa = PBXFileReference; lastKnownFileType = file.storyboard; name = Base; path = Base.lproj/LaunchScreen.storyboard; sourceTree = "<group>"; };
		ACD7F8831D93948B006DD54E /* Info.plist */ = {isa = PBXFileReference; lastKnownFileType = text.plist.xml; path = Info.plist; sourceTree = "<group>"; };
/* End PBXFileReference section */

/* Begin PBXFrameworksBuildPhase section */
		ACD7F8711D93948A006DD54E /* Frameworks */ = {
			isa = PBXFrameworksBuildPhase;
			buildActionMask = 2147483647;
			files = (
			);
			runOnlyForDeploymentPostprocessing = 0;
		};
/* End PBXFrameworksBuildPhase section */

/* Begin PBXGroup section */
		ACD7F86B1D93948A006DD54E = {
			isa = PBXGroup;
			children = (
				ACD7F8761D93948B006DD54E /* TipTacToe */,
				ACD7F8751D93948B006DD54E /* Products */,
			);
			sourceTree = "<group>";
		};
		ACD7F8751D93948B006DD54E /* Products */ = {
			isa = PBXGroup;
			children = (
				ACD7F8741D93948B006DD54E /* TipTacToe.app */,
			);
			name = Products;
			sourceTree = "<group>";
		};
		ACD7F8761D93948B006DD54E /* TipTacToe */ = {
			isa = PBXGroup;
			children = (
				ACD7F8771D93948B006DD54E /* AppDelegate.swift */,
				ACD7F8791D93948B006DD54E /* ViewController.swift */,
				ACD7F87B1D93948B006DD54E /* Main.storyboard */,
				ACD7F87E1D93948B006DD54E /* Assets.xcassets */,
				ACD7F8801D93948B006DD54E /* LaunchScreen.storyboard */,
				ACD7F8831D93948B006DD54E /* Info.plist */,
			);
			path = TipTacToe;
			sourceTree = "<group>";
		};
/* End PBXGroup section */

/* Begin PBXNativeTarget section */
		ACD7F8731D93948A006DD54E /* TipTacToe */ = {
			isa = PBXNativeTarget;
			buildConfigurationList = ACD7F8861D93948B006DD54E /* Build configuration list for PBXNativeTarget "TipTacToe" */;
			buildPhases = (
				ACD7F8701D93948A006DD54E /* Sources */,
				ACD7F8711D93948A006DD54E /* Frameworks */,
				ACD7F8721D93948A006DD54E /* Resources */,
			);
			buildRules = (
			);
			dependencies = (
			);
			name = TipTacToe;
			productName = TipTacToe;
			productReference = ACD7F8741D93948B006DD54E /* TipTacToe.app */;
			productType = "com.apple.product-type.application";
		};
/* End PBXNativeTarget section */

/* Begin PBXProject section */
		ACD7F86C1D93948A006DD54E /* Project object */ = {
			isa = PBXProject;
			attributes = {
				LastSwiftUpdateCheck = 0810;
				LastUpgradeCheck = 0810;
				ORGANIZATIONNAME = "Ankush Agrawal";
				TargetAttributes = {
					ACD7F8731D93948A006DD54E = {
						CreatedOnToolsVersion = 8.1;
						ProvisioningStyle = Automatic;
					};
				};
			};
			buildConfigurationList = ACD7F86F1D93948A006DD54E /* Build configuration list for PBXProject "TipTacToe" */;
			compatibilityVersion = "Xcode 3.2";
			developmentRegion = English;
			hasScannedForEncodings = 0;
			knownRegions = (
				en,
				Base,
			);
			mainGroup = ACD7F86B1D93948A006DD54E;
			productRefGroup = ACD7F8751D93948B006DD54E /* Products */;
			projectDirPath = "";
			projectRoot = "";
			targets = (
				ACD7F8731D93948A006DD54E /* TipTacToe */,
			);
		};
/* End PBXProject section */

/* Begin PBXResourcesBuildPhase section */
		ACD7F8721D93948A006DD54E /* Resources */ = {
			isa = PBXResourcesBuildPhase;
			buildActionMask = 2147483647;
			files = (
				ACD7F8821D93948B006DD54E /* LaunchScreen.storyboard in Resources */,
				ACD7F87F1D93948B006DD54E /* Assets.xcassets in Resources */,
				ACD7F87D1D93948B006DD54E /* Main.storyboard in Resources */,
			);
			runOnlyForDeploymentPostprocessing = 0;
		};
/* End PBXResourcesBuildPhase section */

/* Begin PBXSourcesBuildPhase section */
		ACD7F8701D93948A006DD54E /* Sources */ = {
			isa = PBXSourcesBuildPhase;
			buildActionMask = 2147483647;
			files = (
				ACD7F87A1D93948B006DD54E /* ViewController.swift in Sources */,
				ACD7F8781D93948B006DD54E /* AppDelegate.swift in Sources */,
			);
			runOnlyForDeploymentPostprocessing = 0;
		};
/* End PBXSourcesBuildPhase section */

/* Begin PBXVariantGroup section */
		ACD7F87B1D93948B006DD54E /* Main.storyboard */ = {
			isa = PBXVariantGroup;
			children = (
				ACD7F87C1D93948B006DD54E /* Base */,
			);
			name = Main.storyboard;
			sourceTree = "<group>";
		};
		ACD7F8801D93948B006DD54E /* LaunchScreen.storyboard */ = {
			isa = PBXVariantGroup;
			children = (
				ACD7F8811D93948B006DD54E /* Base */,
			);
			name = LaunchScreen.storyboard;
			sourceTree = "<group>";
		};
/* End PBXVariantGroup section */

/* Begin XCBuildConfiguration section */
		ACD7F8841D93948B006DD54E /* Debug */ = {
			isa = XCBuildConfiguration;
			buildSettings = {
				ALWAYS_SEARCH_USER_PATHS = NO;
				CLANG_ANALYZER_NONNULL = YES;
				CLANG_CXX_LANGUAGE_STANDARD = "gnu++0x";
				CLANG_CXX_LIBRARY = "libc++";
				CLANG_ENABLE_MODULES = YES;
				CLANG_ENABLE_OBJC_ARC = YES;
				CLANG_WARN_BOOL_CONVERSION = YES;
				CLANG_WARN_CONSTANT_CONVERSION = YES;
				CLANG_WARN_DIRECT_OBJC_ISA_USAGE = YES_ERROR;
				CLANG_WARN_DOCUMENTATION_COMMENTS = YES;
				CLANG_WARN_EMPTY_BODY = YES;
				CLANG_WARN_ENUM_CONVERSION = YES;
				CLANG_WARN_INFINITE_RECURSION = YES;
				CLANG_WARN_INT_CONVERSION = YES;
				CLANG_WARN_OBJC_ROOT_CLASS = YES_ERROR;
				CLANG_WARN_SUSPICIOUS_MOVES = YES;
				CLANG_WARN_UNREACHABLE_CODE = YES;
				CLANG_WARN__DUPLICATE_METHOD_MATCH = YES;
				"CODE_SIGN_IDENTITY[sdk=iphoneos*]" = "iPhone Developer";
				COPY_PHASE_STRIP = NO;
				DEBUG_INFORMATION_FORMAT = dwarf;
				ENABLE_STRICT_OBJC_MSGSEND = YES;
				ENABLE_TESTABILITY = YES;
				GCC_C_LANGUAGE_STANDARD = gnu99;
				GCC_DYNAMIC_NO_PIC = NO;
				GCC_NO_COMMON_BLOCKS = YES;
				GCC_OPTIMIZATION_LEVEL = 0;
				GCC_PREPROCESSOR_DEFINITIONS = (
					"DEBUG=1",
					"$(inherited)",
				);
				GCC_WARN_64_TO_32_BIT_CONVERSION = YES;
				GCC_WARN_ABOUT_RETURN_TYPE = YES_ERROR;
				GCC_WARN_UNDECLARED_SELECTOR = YES;
				GCC_WARN_UNINITIALIZED_AUTOS = YES_AGGRESSIVE;
				GCC_WARN_UNUSED_FUNCTION = YES;
				GCC_WARN_UNUSED_VARIABLE = YES;
				IPHONEOS_DEPLOYMENT_TARGET = 10.1;
				MTL_ENABLE_DEBUG_INFO = YES;
				ONLY_ACTIVE_ARCH = YES;
				SDKROOT = iphoneos;
				SWIFT_ACTIVE_COMPILATION_CONDITIONS = DEBUG;
				SWIFT_OPTIMIZATION_LEVEL = "-Onone";
			};
			name = Debug;
		};
		ACD7F8851D93948B006DD54E /* Release */ = {
			isa = XCBuildConfiguration;
			buildSettings = {
				ALWAYS_SEARCH_USER_PATHS = NO;
				CLANG_ANALYZER_NONNULL = YES;
				CLANG_CXX_LANGUAGE_STANDARD = "gnu++0x";
				CLANG_CXX_LIBRARY = "libc++";
				CLANG_ENABLE_MODULES = YES;
				CLANG_ENABLE_OBJC_ARC = YES;
				CLANG_WARN_BOOL_CONVERSION = YES;
				CLANG_WARN_CONSTANT_CONVERSION = YES;
				CLANG_WARN_DIRECT_OBJC_ISA_USAGE = YES_ERROR;
				CLANG_WARN_DOCUMENTATION_COMMENTS = YES;
				CLANG_WARN_EMPTY_BODY = YES;
				CLANG_WARN_ENUM_CONVERSION = YES;
				CLANG_WARN_INFINITE_RECURSION = YES;
				CLANG_WARN_INT_CONVERSION = YES;
				CLANG_WARN_OBJC_ROOT_CLASS = YES_ERROR;
				CLANG_WARN_SUSPICIOUS_MOVES = YES;
				CLANG_WARN_UNREACHABLE_CODE = YES;
				CLANG_WARN__DUPLICATE_METHOD_MATCH = YES;
				"CODE_SIGN_IDENTITY[sdk=iphoneos*]" = "iPhone Developer";
				COPY_PHASE_STRIP = NO;
				DEBUG_INFORMATION_FORMAT = "dwarf-with-dsym";
				ENABLE_NS_ASSERTIONS = NO;
				ENABLE_STRICT_OBJC_MSGSEND = YES;
				GCC_C_LANGUAGE_STANDARD = gnu99;
				GCC_NO_COMMON_BLOCKS = YES;
				GCC_WARN_64_TO_32_BIT_CONVERSION = YES;
				GCC_WARN_ABOUT_RETURN_TYPE = YES_ERROR;
				GCC_WARN_UNDECLARED_SELECTOR = YES;
				GCC_WARN_UNINITIALIZED_AUTOS = YES_AGGRESSIVE;
				GCC_WARN_UNUSED_FUNCTION = YES;
				GCC_WARN_UNUSED_VARIABLE = YES;
				IPHONEOS_DEPLOYMENT_TARGET = 10.1;
				MTL_ENABLE_DEBUG_INFO = NO;
				SDKROOT = iphoneos;
				SWIFT_OPTIMIZATION_LEVEL = "-Owholemodule";
				VALIDATE_PRODUCT = YES;
			};
			name = Release;
		};
		ACD7F8871D93948B006DD54E /* Debug */ = {
			isa = XCBuildConfiguration;
			buildSettings = {
				ASSETCATALOG_COMPILER_APPICON_NAME = AppIcon;
				INFOPLIST_FILE = TipTacToe/Info.plist;
				LD_RUNPATH_SEARCH_PATHS = "$(inherited) @executable_path/Frameworks";
				PRODUCT_BUNDLE_IDENTIFIER = me.ankusha.TipTacToe;
				PRODUCT_NAME = "$(TARGET_NAME)";
				SWIFT_VERSION = 3.0;
			};
			name = Debug;
		};
		ACD7F8881D93948B006DD54E /* Release */ = {
			isa = XCBuildConfiguration;
			buildSettings = {
				ASSETCATALOG_COMPILER_APPICON_NAME = AppIcon;
				INFOPLIST_FILE = TipTacToe/Info.plist;
				LD_RUNPATH_SEARCH_PATHS = "$(inherited) @executable_path/Frameworks";
				PRODUCT_BUNDLE_IDENTIFIER = me.ankusha.TipTacToe;
				PRODUCT_NAME = "$(TARGET_NAME)";
				SWIFT_VERSION = 3.0;
			};
			name = Release;
		};
/* End XCBuildConfiguration section */

/* Begin XCConfigurationList section */
		ACD7F86F1D93948A006DD54E /* Build configuration list for PBXProject "TipTacToe" */ = {
			isa = XCConfigurationList;
			buildConfigurations = (
				ACD7F8841D93948B006DD54E /* Debug */,
				ACD7F8851D93948B006DD54E /* Release */,
			);
			defaultConfigurationIsVisible = 0;
			defaultConfigurationName = Release;
		};
		ACD7F8861D93948B006DD54E /* Build configuration list for PBXNativeTarget "TipTacToe" */ = {
			isa = XCConfigurationList;
			buildConfigurations = (
				ACD7F8871D93948B006DD54E /* Debug */,
				ACD7F8881D93948B006DD54E /* Release */,
			);
			defaultConfigurationIsVisible = 0;
		};
/* End XCConfigurationList section */
	};
	rootObject = ACD7F86C1D93948A006DD54E /* Project object */;
}
